
Microsoft Visual Studio Solution File, Format Version 12.00
# Visual Studio Version 16
VisualStudioVersion = 16.0.36631.11
MinimumVisualStudioVersion = 10.0.40219.1
Project("{FAE04EC0-301F-11D3-BF4B-00C04F79EFBC}") = "Do_an_CongngheNET", "Do_an_CongngheNET\Do_an_CongngheNET.csproj", "{5EFC25C9-C5B7-4B83-BB5B-50C35988A5F9}"
EndProject
Global
	GlobalSection(SolutionConfigurationPlatforms) = preSolution
		Debug|Any CPU = Debug|Any CPU
		Release|Any CPU = Release|Any CPU
	EndGlobalSection
	GlobalSection(ProjectConfigurationPlatforms) = postSolution
		{5EFC25C9-C5B7-4B83-BB5B-50C35988A5F9}.Debug|Any CPU.ActiveCfg = Debug|Any CPU
		{5EFC25C9-C5B7-4B83-BB5B-50C35988A5F9}.Debug|Any CPU.Build.0 = Debug|Any CPU
		{5EFC25C9-C5B7-4B83-BB5B-50C35988A5F9}.Release|Any CPU.ActiveCfg = Release|Any CPU
		{5EFC25C9-C5B7-4B83-BB5B-50C35988A5F9}.Release|Any CPU.Build.0 = Release|Any CPU
	EndGlobalSection
	GlobalSection(SolutionProperties) = preSolution
		HideSolutionNode = FALSE
	EndGlobalSection
	GlobalSection(ExtensibilityGlobals) = postSolution
		SolutionGuid = {DFB4B867-4642-43C2-81BA-C5227A4D3506}
	EndGlobalSection
EndGlobal
